// !$*UTF8*$!
{
	archiveVersion = 1;
	classes = {
	};
	objectVersion = 50;
	objects = {

/* Begin PBXBuildFile section */
		0F36EC7F22D7288200B4EF8D /* pound-yen-euro-dollar.png in Resources */ = {isa = PBXBuildFile; fileRef = 0F36EC7E22D7288200B4EF8D /* pound-yen-euro-dollar.png */; };
		0F781C3222D64B6400B2E559 /* AppDelegate.swift in Sources */ = {isa = PBXBuildFile; fileRef = 0F781C3122D64B6400B2E559 /* AppDelegate.swift */; };
		0F781C3422D64B6400B2E559 /* ViewController.swift in Sources */ = {isa = PBXBuildFile; fileRef = 0F781C3322D64B6400B2E559 /* ViewController.swift */; };
		0F781C3722D64B6400B2E559 /* Main.storyboard in Resources */ = {isa = PBXBuildFile; fileRef = 0F781C3522D64B6400B2E559 /* Main.storyboard */; };
		0F781C3922D64B7000B2E559 /* Assets.xcassets in Resources */ = {isa = PBXBuildFile; fileRef = 0F781C3822D64B7000B2E559 /* Assets.xcassets */; };
		0F781C3C22D64B7000B2E559 /* LaunchScreen.storyboard in Resources */ = {isa = PBXBuildFile; fileRef = 0F781C3A22D64B7000B2E559 /* LaunchScreen.storyboard */; };
		0F781C4422D66D0300B2E559 /* pound-yen-euro-dollar.png in Resources */ = {isa = PBXBuildFile; fileRef = 0F781C4322D66D0200B2E559 /* pound-yen-euro-dollar.png */; };
/* End PBXBuildFile section */

/* Begin PBXFileReference section */
		0F36EC7E22D7288200B4EF8D /* pound-yen-euro-dollar.png */ = {isa = PBXFileReference; lastKnownFileType = image.png; name = "pound-yen-euro-dollar.png"; path = "../../../CurrencyConverter/pound-yen-euro-dollar.png"; sourceTree = "<group>"; };
		0F781C2E22D64B6400B2E559 /* CurrencyConverter2.app */ = {isa = PBXFileReference; explicitFileType = wrapper.application; includeInIndex = 0; path = CurrencyConverter2.app; sourceTree = BUILT_PRODUCTS_DIR; };
		0F781C3122D64B6400B2E559 /* AppDelegate.swift */ = {isa = PBXFileReference; lastKnownFileType = sourcecode.swift; path = AppDelegate.swift; sourceTree = "<group>"; };
		0F781C3322D64B6400B2E559 /* ViewController.swift */ = {isa = PBXFileReference; lastKnownFileType = sourcecode.swift; path = ViewController.swift; sourceTree = "<group>"; };
		0F781C3622D64B6400B2E559 /* Base */ = {isa = PBXFileReference; lastKnownFileType = file.storyboard; name = Base; path = Base.lproj/Main.storyboard; sourceTree = "<group>"; };
		0F781C3822D64B7000B2E559 /* Assets.xcassets */ = {isa = PBXFileReference; lastKnownFileType = folder.assetcatalog; path = Assets.xcassets; sourceTree = "<group>"; };
		0F781C3B22D64B7000B2E559 /* Base */ = {isa = PBXFileReference; lastKnownFileType = file.storyboard; name = Base; path = Base.lproj/LaunchScreen.storyboard; sourceTree = "<group>"; };
		0F781C3D22D64B7000B2E559 /* Info.plist */ = {isa = PBXFileReference; lastKnownFileType = text.plist.xml; path = Info.plist; sourceTree = "<group>"; };
		0F781C4322D66D0200B2E559 /* pound-yen-euro-dollar.png */ = {isa = PBXFileReference; lastKnownFileType = image.png; path = "pound-yen-euro-dollar.png"; sourceTree = "<group>"; };
/* End PBXFileReference section */

/* Begin PBXFrameworksBuildPhase section */
		0F781C2B22D64B6400B2E559 /* Frameworks */ = {
			isa = PBXFrameworksBuildPhase;
			buildActionMask = 2147483647;
			files = (
			);
			runOnlyForDeploymentPostprocessing = 0;
		};
/* End PBXFrameworksBuildPhase section */

/* Begin PBXGroup section */
		0F781C2522D64B6400B2E559 = {
			isa = PBXGroup;
			children = (
				0F781C3022D64B6400B2E559 /* CurrencyConverter2 */,
				0F781C2F22D64B6400B2E559 /* Products */,
			);
			sourceTree = "<group>";
		};
		0F781C2F22D64B6400B2E559 /* Products */ = {
			isa = PBXGroup;
			children = (
				0F781C2E22D64B6400B2E559 /* CurrencyConverter2.app */,
			);
			name = Products;
			sourceTree = "<group>";
		};
		0F781C3022D64B6400B2E559 /* CurrencyConverter2 */ = {
			isa = PBXGroup;
			children = (
				0F781C3122D64B6400B2E559 /* AppDelegate.swift */,
				0F781C3322D64B6400B2E559 /* ViewController.swift */,
				0F781C3522D64B6400B2E559 /* Main.storyboard */,
				0F781C3822D64B7000B2E559 /* Assets.xcassets */,
				0F781C3A22D64B7000B2E559 /* LaunchScreen.storyboard */,
				0F781C4322D66D0200B2E559 /* pound-yen-euro-dollar.png */,
				0F36EC7E22D7288200B4EF8D /* pound-yen-euro-dollar.png */,
				0F781C3D22D64B7000B2E559 /* Info.plist */,
			);
			path = CurrencyConverter2;
			sourceTree = "<group>";
		};
/* End PBXGroup section */

/* Begin PBXNativeTarget section */
		0F781C2D22D64B6400B2E559 /* CurrencyConverter2 */ = {
			isa = PBXNativeTarget;
			buildConfigurationList = 0F781C4022D64B7000B2E559 /* Build configuration list for PBXNativeTarget "CurrencyConverter2" */;
			buildPhases = (
				0F781C2A22D64B6400B2E559 /* Sources */,
				0F781C2B22D64B6400B2E559 /* Frameworks */,
				0F781C2C22D64B6400B2E559 /* Resources */,
			);
			buildRules = (
			);
			dependencies = (
			);
			name = CurrencyConverter2;
			productName = CurrencyConverter2;
			productReference = 0F781C2E22D64B6400B2E559 /* CurrencyConverter2.app */;
			productType = "com.apple.product-type.application";
		};
/* End PBXNativeTarget section */

/* Begin PBXProject section */
		0F781C2622D64B6400B2E559 /* Project object */ = {
			isa = PBXProject;
			attributes = {
				LastSwiftUpdateCheck = 1020;
				LastUpgradeCheck = 1020;
				ORGANIZATIONNAME = "Isobel Hall";
				TargetAttributes = {
					0F781C2D22D64B6400B2E559 = {
						CreatedOnToolsVersion = 10.2.1;
					};
				};
			};
			buildConfigurationList = 0F781C2922D64B6400B2E559 /* Build configuration list for PBXProject "CurrencyConverter2" */;
			compatibilityVersion = "Xcode 9.3";
			developmentRegion = en;
			hasScannedForEncodings = 0;
			knownRegions = (
				en,
				Base,
			);
			mainGroup = 0F781C2522D64B6400B2E559;
			productRefGroup = 0F781C2F22D64B6400B2E559 /* Products */;
			projectDirPath = "";
			projectRoot = "";
			targets = (
				0F781C2D22D64B6400B2E559 /* CurrencyConverter2 */,
			);
		};
/* End PBXProject section */

/* Begin PBXResourcesBuildPhase section */
		0F781C2C22D64B6400B2E559 /* Resources */ = {
			isa = PBXResourcesBuildPhase;
			buildActionMask = 2147483647;
			files = (
				0F781C3C22D64B7000B2E559 /* LaunchScreen.storyboard in Resources */,
				0F781C3922D64B7000B2E559 /* Assets.xcassets in Resources */,
				0F781C4422D66D0300B2E559 /* pound-yen-euro-dollar.png in Resources */,
				0F36EC7F22D7288200B4EF8D /* pound-yen-euro-dollar.png in Resources */,
				0F781C3722D64B6400B2E559 /* Main.storyboard in Resources */,
			);
			runOnlyForDeploymentPostprocessing = 0;
		};
/* End PBXResourcesBuildPhase section */

/* Begin PBXSourcesBuildPhase section */
		0F781C2A22D64B6400B2E559 /* Sources */ = {
			isa = PBXSourcesBuildPhase;
			buildActionMask = 2147483647;
			files = (
				0F781C3422D64B6400B2E559 /* ViewController.swift in Sources */,
				0F781C3222D64B6400B2E559 /* AppDelegate.swift in Sources */,
			);
			runOnlyForDeploymentPostprocessing = 0;
		};
/* End PBXSourcesBuildPhase section */

/* Begin PBXVariantGroup section */
		0F781C3522D64B6400B2E559 /* Main.storyboard */ = {
			isa = PBXVariantGroup;
			children = (
				0F781C3622D64B6400B2E559 /* Base */,
			);
			name = Main.storyboard;
			sourceTree = "<group>";
		};
		0F781C3A22D64B7000B2E559 /* LaunchScreen.storyboard */ = {
			isa = PBXVariantGroup;
			children = (
				0F781C3B22D64B7000B2E559 /* Base */,
			);
			name = LaunchScreen.storyboard;
			sourceTree = "<group>";
		};
/* End PBXVariantGroup section */

/* Begin XCBuildConfiguration section */
		0F781C3E22D64B7000B2E559 /* Debug */ = {
			isa = XCBuildConfiguration;
			buildSettings = {
				ALWAYS_SEARCH_USER_PATHS = NO;
				CLANG_ANALYZER_NONNULL = YES;
				CLANG_ANALYZER_NUMBER_OBJECT_CONVERSION = YES_AGGRESSIVE;
				CLANG_CXX_LANGUAGE_STANDARD = "gnu++14";
				CLANG_CXX_LIBRARY = "libc++";
				CLANG_ENABLE_MODULES = YES;
				CLANG_ENABLE_OBJC_ARC = YES;
				CLANG_ENABLE_OBJC_WEAK = YES;
				CLANG_WARN_BLOCK_CAPTURE_AUTORELEASING = YES;
				CLANG_WARN_BOOL_CONVERSION = YES;
				CLANG_WARN_COMMA = YES;
				CLANG_WARN_CONSTANT_CONVERSION = YES;
				CLANG_WARN_DEPRECATED_OBJC_IMPLEMENTATIONS = YES;
				CLANG_WARN_DIRECT_OBJC_ISA_USAGE = YES_ERROR;
				CLANG_WARN_DOCUMENTATION_COMMENTS = YES;
				CLANG_WARN_EMPTY_BODY = YES;
				CLANG_WARN_ENUM_CONVERSION = YES;
				CLANG_WARN_INFINITE_RECURSION = YES;
				CLANG_WARN_INT_CONVERSION = YES;
				CLANG_WARN_NON_LITERAL_NULL_CONVERSION = YES;
				CLANG_WARN_OBJC_IMPLICIT_RETAIN_SELF = YES;
				CLANG_WARN_OBJC_LITERAL_CONVERSION = YES;
				CLANG_WARN_OBJC_ROOT_CLASS = YES_ERROR;
				CLANG_WARN_RANGE_LOOP_ANALYSIS = YES;
				CLANG_WARN_STRICT_PROTOTYPES = YES;
				CLANG_WARN_SUSPICIOUS_MOVE = YES;
				CLANG_WARN_UNGUARDED_AVAILABILITY = YES_AGGRESSIVE;
				CLANG_WARN_UNREACHABLE_CODE = YES;
				CLANG_WARN__DUPLICATE_METHOD_MATCH = YES;
				CODE_SIGN_IDENTITY = "iPhone Developer";
				COPY_PHASE_STRIP = NO;
				DEBUG_INFORMATION_FORMAT = dwarf;
				ENABLE_STRICT_OBJC_MSGSEND = YES;
				ENABLE_TESTABILITY = YES;
				GCC_C_LANGUAGE_STANDARD = gnu11;
				GCC_DYNAMIC_NO_PIC = NO;
				GCC_NO_COMMON_BLOCKS = YES;
				GCC_OPTIMIZATION_LEVEL = 0;
				GCC_PREPROCESSOR_DEFINITIONS = (
					"DEBUG=1",
					"$(inherited)",
				);
				GCC_WARN_64_TO_32_BIT_CONVERSION = YES;
				GCC_WARN_ABOUT_RETURN_TYPE = YES_ERROR;
				GCC_WARN_UNDECLARED_SELECTOR = YES;
				GCC_WARN_UNINITIALIZED_AUTOS = YES_AGGRESSIVE;
				GCC_WARN_UNUSED_FUNCTION = YES;
				GCC_WARN_UNUSED_VARIABLE = YES;
				IPHONEOS_DEPLOYMENT_TARGET = 12.2;
				MTL_ENABLE_DEBUG_INFO = INCLUDE_SOURCE;
				MTL_FAST_MATH = YES;
				ONLY_ACTIVE_ARCH = YES;
				SDKROOT = iphoneos;
				SWIFT_ACTIVE_COMPILATION_CONDITIONS = DEBUG;
				SWIFT_OPTIMIZATION_LEVEL = "-Onone";
			};
			name = Debug;
		};
		0F781C3F22D64B7000B2E559 /* Release */ = {
			isa = XCBuildConfiguration;
			buildSettings = {
				ALWAYS_SEARCH_USER_PATHS = NO;
				CLANG_ANALYZER_NONNULL = YES;
				CLANG_ANALYZER_NUMBER_OBJECT_CONVERSION = YES_AGGRESSIVE;
				CLANG_CXX_LANGUAGE_STANDARD = "gnu++14";
				CLANG_CXX_LIBRARY = "libc++";
				CLANG_ENABLE_MODULES = YES;
				CLANG_ENABLE_OBJC_ARC = YES;
				CLANG_ENABLE_OBJC_WEAK = YES;
				CLANG_WARN_BLOCK_CAPTURE_AUTORELEASING = YES;
				CLANG_WARN_BOOL_CONVERSION = YES;
				CLANG_WARN_COMMA = YES;
				CLANG_WARN_CONSTANT_CONVERSION = YES;
				CLANG_WARN_DEPRECATED_OBJC_IMPLEMENTATIONS = YES;
				CLANG_WARN_DIRECT_OBJC_ISA_USAGE = YES_ERROR;
				CLANG_WARN_DOCUMENTATION_COMMENTS = YES;
				CLANG_WARN_EMPTY_BODY = YES;
				CLANG_WARN_ENUM_CONVERSION = YES;
				CLANG_WARN_INFINITE_RECURSION = YES;
				CLANG_WARN_INT_CONVERSION = YES;
				CLANG_WARN_NON_LITERAL_NULL_CONVERSION = YES;
				CLANG_WARN_OBJC_IMPLICIT_RETAIN_SELF = YES;
				CLANG_WARN_OBJC_LITERAL_CONVERSION = YES;
				CLANG_WARN_OBJC_ROOT_CLASS = YES_ERROR;
				CLANG_WARN_RANGE_LOOP_ANALYSIS = YES;
				CLANG_WARN_STRICT_PROTOTYPES = YES;
				CLANG_WARN_SUSPICIOUS_MOVE = YES;
				CLANG_WARN_UNGUARDED_AVAILABILITY = YES_AGGRESSIVE;
				CLANG_WARN_UNREACHABLE_CODE = YES;
				CLANG_WARN__DUPLICATE_METHOD_MATCH = YES;
				CODE_SIGN_IDENTITY = "iPhone Developer";
				COPY_PHASE_STRIP = NO;
				DEBUG_INFORMATION_FORMAT = "dwarf-with-dsym";
				ENABLE_NS_ASSERTIONS = NO;
				ENABLE_STRICT_OBJC_MSGSEND = YES;
				GCC_C_LANGUAGE_STANDARD = gnu11;
				GCC_NO_COMMON_BLOCKS = YES;
				GCC_WARN_64_TO_32_BIT_CONVERSION = YES;
				GCC_WARN_ABOUT_RETURN_TYPE = YES_ERROR;
				GCC_WARN_UNDECLARED_SELECTOR = YES;
				GCC_WARN_UNINITIALIZED_AUTOS = YES_AGGRESSIVE;
				GCC_WARN_UNUSED_FUNCTION = YES;
				GCC_WARN_UNUSED_VARIABLE = YES;
				IPHONEOS_DEPLOYMENT_TARGET = 12.2;
				MTL_ENABLE_DEBUG_INFO = NO;
				MTL_FAST_MATH = YES;
				SDKROOT = iphoneos;
				SWIFT_COMPILATION_MODE = wholemodule;
				SWIFT_OPTIMIZATION_LEVEL = "-O";
				VALIDATE_PRODUCT = YES;
			};
			name = Release;
		};
		0F781C4122D64B7000B2E559 /* Debug */ = {
			isa = XCBuildConfiguration;
			buildSettings = {
				ASSETCATALOG_COMPILER_APPICON_NAME = AppIcon;
				CODE_SIGN_STYLE = Automatic;
				INFOPLIST_FILE = CurrencyConverter2/Info.plist;
				LD_RUNPATH_SEARCH_PATHS = (
					"$(inherited)",
					"@executable_path/Frameworks",
				);
				PRODUCT_BUNDLE_IDENTIFIER = "Isobel-Hall.CurrencyConverter2";
				PRODUCT_NAME = "$(TARGET_NAME)";
				SWIFT_VERSION = 5.0;
				TARGETED_DEVICE_FAMILY = "1,2";
			};
			name = Debug;
		};
		0F781C4222D64B7000B2E559 /* Release */ = {
			isa = XCBuildConfiguration;
			buildSettings = {
				ASSETCATALOG_COMPILER_APPICON_NAME = AppIcon;
				CODE_SIGN_STYLE = Automatic;
				INFOPLIST_FILE = CurrencyConverter2/Info.plist;
				LD_RUNPATH_SEARCH_PATHS = (
					"$(inherited)",
					"@executable_path/Frameworks",
				);
				PRODUCT_BUNDLE_IDENTIFIER = "Isobel-Hall.CurrencyConverter2";
				PRODUCT_NAME = "$(TARGET_NAME)";
				SWIFT_VERSION = 5.0;
				TARGETED_DEVICE_FAMILY = "1,2";
			};
			name = Release;
		};
/* End XCBuildConfiguration section */

/* Begin XCConfigurationList section */
		0F781C2922D64B6400B2E559 /* Build configuration list for PBXProject "CurrencyConverter2" */ = {
			isa = XCConfigurationList;
			buildConfigurations = (
				0F781C3E22D64B7000B2E559 /* Debug */,
				0F781C3F22D64B7000B2E559 /* Release */,
			);
			defaultConfigurationIsVisible = 0;
			defaultConfigurationName = Release;
		};
		0F781C4022D64B7000B2E559 /* Build configuration list for PBXNativeTarget "CurrencyConverter2" */ = {
			isa = XCConfigurationList;
			buildConfigurations = (
				0F781C4122D64B7000B2E559 /* Debug */,
				0F781C4222D64B7000B2E559 /* Release */,
			);
			defaultConfigurationIsVisible = 0;
			defaultConfigurationName = Release;
		};
/* End XCConfigurationList section */
	};
	rootObject = 0F781C2622D64B6400B2E559 /* Project object */;
}
